# This file is automatically @generated by Cargo.
# It is not intended for manual editing.
version = 3

[[package]]
name = "tmux-mvr"
version = "0.1.0"
dependencies = [
 "tmux_interface",
]

[[package]]
name = "tmux_interface"
version = "0.3.0"
source = "registry+https://github.com/rust-lang/crates.io-index"
checksum = "f7531672e66853f3db663ba8cb741fdb86d50ee44283c9a6bbb82dbbc34fd3ec"
